
Microsoft Visual Studio Solution File, Format Version 12.00
# Visual Studio 15
VisualStudioVersion = 15.0.28307.421
MinimumVisualStudioVersion = 10.0.40219.1
Project("{FAE04EC0-301F-11D3-BF4B-00C04F79EFBC}") = "QueryTypes_Samples", "src\QueryTypes_Samples\QueryTypes_Samples.csproj", "{B2E5E8A1-2F52-4197-85D4-ABEE1AA6C002}"
EndProject
Global
	GlobalSection(SolutionConfigurationPlatforms) = preSolution
		Debug|Any CPU = Debug|Any CPU
		Release|Any CPU = Release|Any CPU
	EndGlobalSection
	GlobalSection(ProjectConfigurationPlatforms) = postSolution
		{B2E5E8A1-2F52-4197-85D4-ABEE1AA6C002}.Debug|Any CPU.ActiveCfg = Debug|Any CPU
		{B2E5E8A1-2F52-4197-85D4-ABEE1AA6C002}.Debug|Any CPU.Build.0 = Debug|Any CPU
		{B2E5E8A1-2F52-4197-85D4-ABEE1AA6C002}.Release|Any CPU.ActiveCfg = Release|Any CPU
		{B2E5E8A1-2F52-4197-85D4-ABEE1AA6C002}.Release|Any CPU.Build.0 = Release|Any CPU
	EndGlobalSection
	GlobalSection(SolutionProperties) = preSolution
		HideSolutionNode = FALSE
	EndGlobalSection
	GlobalSection(ExtensibilityGlobals) = postSolution
		SolutionGuid = {6288F4D4-A702-4493-B5DF-F1A06F087A5D}
	EndGlobalSection
EndGlobal
